<?xml version="1.0" encoding="utf-8"?>
<Project ToolsVersion="4.0" xmlns="http://schemas.microsoft.com/developer/msbuild/2003">
  <ItemGroup>
    <Filter Include="源文件">
      <UniqueIdentifier>{4FC737F1-C7A5-4376-A066-2A32D752A2FF}</UniqueIdentifier>
      <Extensions>cpp;c;cc;cxx;c++;cppm;ixx;def;odl;idl;hpj;bat;asm;asmx</Extensions>
    </Filter>
    <Filter Include="头文件">
      <UniqueIdentifier>{93995380-89BD-4b04-88EB-625FBE52EBFB}</UniqueIdentifier>
      <Extensions>h;hh;hpp;hxx;h++;hm;inl;inc;ipp;xsd</Extensions>
    </Filter>
    <Filter Include="资源文件">
      <UniqueIdentifier>{67DA6AB6-F800-4c08-8B7A-83BB121AAD01}</UniqueIdentifier>
      <Extensions>rc;ico;cur;bmp;dlg;rc2;rct;bin;rgs;gif;jpg;jpeg;jpe;resx;tiff;tif;png;wav;mfcribbon-ms</Extensions>
    </Filter>
  </ItemGroup>
  <ItemGroup>
    <ClCompile Include="001_基础数据类型-switch-循环.cpp">
      <Filter>源文件</Filter>
    </ClCompile>
    <ClCompile Include="002_循环结构案例-猜数字.cpp">
      <Filter>源文件</Filter>
    </ClCompile>
    <ClCompile Include="003_水仙花数.cpp">
      <Filter>源文件</Filter>
    </ClCompile>
    <ClCompile Include="004_敲桌子.cpp">
      <Filter>源文件</Filter>
    </ClCompile>
    <ClCompile Include="005_数组定义.cpp">
      <Filter>源文件</Filter>
    </ClCompile>
    <ClCompile Include="006_数组-五只小猪称体重.cpp">
      <Filter>源文件</Filter>
    </ClCompile>
    <ClCompile Include="007_数组-元素逆置.cpp">
      <Filter>源文件</Filter>
    </ClCompile>
    <ClCompile Include="008_数组-冒泡排序.cpp">
      <Filter>源文件</Filter>
    </ClCompile>
    <ClCompile Include="009_数组-二维数组定义方式.cpp">
      <Filter>源文件</Filter>
    </ClCompile>
    <ClCompile Include="010_数组-考试成绩统计.cpp">
      <Filter>源文件</Filter>
    </ClCompile>
    <ClCompile Include="011_函数-定义.cpp">
      <Filter>源文件</Filter>
    </ClCompile>
    <ClCompile Include="012_函数-值传递.cpp">
      <Filter>源文件</Filter>
    </ClCompile>
    <ClCompile Include="013_函数-函数声明.cpp">
      <Filter>源文件</Filter>
    </ClCompile>
    <ClCompile Include="014_函数-函数的分文件编写.cpp">
      <Filter>源文件</Filter>
    </ClCompile>
    <ClCompile Include="swap14.cpp">
      <Filter>源文件</Filter>
    </ClCompile>
    <ClCompile Include="015_指针-定义和使用.cpp">
      <Filter>源文件</Filter>
    </ClCompile>
    <ClCompile Include="016_指针-空指针.cpp">
      <Filter>源文件</Filter>
    </ClCompile>
    <ClCompile Include="017_指针-野指针.cpp">
      <Filter>源文件</Filter>
    </ClCompile>
    <ClCompile Include="018_指针-const修饰指针.cpp">
      <Filter>源文件</Filter>
    </ClCompile>
    <ClCompile Include="019_指针-指针和数组.cpp">
      <Filter>源文件</Filter>
    </ClCompile>
    <ClCompile Include="020_指针-指针和函数.cpp">
      <Filter>源文件</Filter>
    </ClCompile>
    <ClCompile Include="021_指针-指针配合数组和函数案例.cpp">
      <Filter>源文件</Filter>
    </ClCompile>
  </ItemGroup>
  <ItemGroup>
    <ClInclude Include="swap14.h">
      <Filter>头文件</Filter>
    </ClInclude>
  </ItemGroup>
</Project>