<?xml version="1.0" encoding="utf-8"?>
<Project ToolsVersion="4.0" xmlns="http://schemas.microsoft.com/developer/msbuild/2003">
  <ItemGroup>
    <Filter Include="源文件">
      <UniqueIdentifier>{4FC737F1-C7A5-4376-A066-2A32D752A2FF}</UniqueIdentifier>
      <Extensions>cpp;c;cc;cxx;c++;cppm;ixx;def;odl;idl;hpj;bat;asm;asmx</Extensions>
    </Filter>
    <Filter Include="头文件">
      <UniqueIdentifier>{93995380-89BD-4b04-88EB-625FBE52EBFB}</UniqueIdentifier>
      <Extensions>h;hh;hpp;hxx;h++;hm;inl;inc;ipp;xsd</Extensions>
    </Filter>
    <Filter Include="资源文件">
      <UniqueIdentifier>{67DA6AB6-F800-4c08-8B7A-83BB121AAD01}</UniqueIdentifier>
      <Extensions>rc;ico;cur;bmp;dlg;rc2;rct;bin;rgs;gif;jpg;jpeg;jpe;resx;tiff;tif;png;wav;mfcribbon-ms</Extensions>
    </Filter>
  </ItemGroup>
  <ItemGroup>
    <ClCompile Include="001_基础数据类型-switch-循环.cpp">
      <Filter>源文件</Filter>
    </ClCompile>
    <ClCompile Include="002_循环结构案例-猜数字.cpp">
      <Filter>源文件</Filter>
    </ClCompile>
    <ClCompile Include="003_水仙花数.cpp">
      <Filter>源文件</Filter>
    </ClCompile>
    <ClCompile Include="004_敲桌子.cpp">
      <Filter>源文件</Filter>
    </ClCompile>
    <ClCompile Include="006_数组-五只小猪称体重.cpp">
      <Filter>源文件</Filter>
    </ClCompile>
    <ClCompile Include="007_数组-元素逆置.cpp">
      <Filter>源文件</Filter>
    </ClCompile>
    <ClCompile Include="008_数组-冒泡排序.cpp">
      <Filter>源文件</Filter>
    </ClCompile>
    <ClCompile Include="009_数组-二维数组定义方式.cpp">
      <Filter>源文件</Filter>
    </ClCompile>
    <ClCompile Include="010_数组-考试成绩统计.cpp">
      <Filter>源文件</Filter>
    </ClCompile>
    <ClCompile Include="011_函数-定义.cpp">
      <Filter>源文件</Filter>
    </ClCompile>
    <ClCompile Include="012_函数-值传递.cpp">
      <Filter>源文件</Filter>
    </ClCompile>
    <ClCompile Include="013_函数-函数声明.cpp">
      <Filter>源文件</Filter>
    </ClCompile>
    <ClCompile Include="014_函数-函数的分文件编写.cpp">
      <Filter>源文件</Filter>
    </ClCompile>
    <ClCompile Include="swap14.cpp">
      <Filter>源文件</Filter>
    </ClCompile>
    <ClCompile Include="015_指针-定义和使用.cpp">
      <Filter>源文件</Filter>
    </ClCompile>
    <ClCompile Include="016_指针-空指针.cpp">
      <Filter>源文件</Filter>
    </ClCompile>
    <ClCompile Include="017_指针-野指针.cpp">
      <Filter>源文件</Filter>
    </ClCompile>
    <ClCompile Include="018_指针-const修饰指针.cpp">
      <Filter>源文件</Filter>
    </ClCompile>
    <ClCompile Include="019_指针-指针和数组.cpp">
      <Filter>源文件</Filter>
    </ClCompile>
    <ClCompile Include="020_指针-指针和函数.cpp">
      <Filter>源文件</Filter>
    </ClCompile>
    <ClCompile Include="021_指针-指针配合数组和函数案例.cpp">
      <Filter>源文件</Filter>
    </ClCompile>
    <ClCompile Include="022_结构体-定义和使用.cpp">
      <Filter>源文件</Filter>
    </ClCompile>
    <ClCompile Include="023_结构体-结构体数组.cpp">
      <Filter>源文件</Filter>
    </ClCompile>
    <ClCompile Include="024_结构体-结构体指针.cpp">
      <Filter>源文件</Filter>
    </ClCompile>
    <ClCompile Include="005_数组-数组定义.cpp">
      <Filter>源文件</Filter>
    </ClCompile>
    <ClCompile Include="025_结构体-结构体嵌套结构体.cpp">
      <Filter>源文件</Filter>
    </ClCompile>
    <ClCompile Include="026_结构体-结构体做函数参数.cpp">
      <Filter>源文件</Filter>
    </ClCompile>
    <ClCompile Include="027_结构体-结构体中const使用场景.cpp">
      <Filter>源文件</Filter>
    </ClCompile>
    <ClCompile Include="028_结构体-结构体案例1.cpp">
      <Filter>源文件</Filter>
    </ClCompile>
    <ClCompile Include="029_结构体-结构体案例2.cpp">
      <Filter>源文件</Filter>
    </ClCompile>
    <ClCompile Include="030_程序的内存模型-基础知识.cpp">
      <Filter>源文件</Filter>
    </ClCompile>
    <ClCompile Include="031_程序的内存模型-全局区.cpp">
      <Filter>源文件</Filter>
    </ClCompile>
    <ClCompile Include="032_程序的内存模型-栈区.cpp">
      <Filter>源文件</Filter>
    </ClCompile>
    <ClCompile Include="033_程序的内存模型-堆区.cpp">
      <Filter>源文件</Filter>
    </ClCompile>
    <ClCompile Include="034_程序的内存模型-new操作符.cpp">
      <Filter>源文件</Filter>
    </ClCompile>
    <ClCompile Include="035_引用-引用的基本用法.cpp">
      <Filter>源文件</Filter>
    </ClCompile>
    <ClCompile Include="036_引用-引用的注意事项.cpp">
      <Filter>源文件</Filter>
    </ClCompile>
    <ClCompile Include="037_引用-引用做函数参数.cpp">
      <Filter>源文件</Filter>
    </ClCompile>
    <ClCompile Include="038_引用-引用做函数的返回值.cpp">
      <Filter>源文件</Filter>
    </ClCompile>
    <ClCompile Include="039_引用-引用的本质.cpp">
      <Filter>源文件</Filter>
    </ClCompile>
    <ClCompile Include="040_引用-常量引用.cpp">
      <Filter>源文件</Filter>
    </ClCompile>
    <ClCompile Include="041_函数高级-函数默认参数.cpp">
      <Filter>源文件</Filter>
    </ClCompile>
    <ClCompile Include="042_函数高级-函数站位参数.cpp">
      <Filter>源文件</Filter>
    </ClCompile>
    <ClCompile Include="043_函数高级-函数重载.cpp">
      <Filter>源文件</Filter>
    </ClCompile>
    <ClCompile Include="044_函数高级-函数重载注意事项.cpp">
      <Filter>源文件</Filter>
    </ClCompile>
    <ClCompile Include="045_类和对象-封装-属性和行为作为整体.cpp">
      <Filter>源文件</Filter>
    </ClCompile>
    <ClCompile Include="046_类和对象-封装-案例-设计学生类.cpp">
      <Filter>源文件</Filter>
    </ClCompile>
    <ClCompile Include="047_类和对象-封装-访问权限.cpp">
      <Filter>源文件</Filter>
    </ClCompile>
    <ClCompile Include="048_类和对象-封装-struct和class的区别.cpp">
      <Filter>源文件</Filter>
    </ClCompile>
  </ItemGroup>
  <ItemGroup>
    <ClInclude Include="swap14.h">
      <Filter>头文件</Filter>
    </ClInclude>
  </ItemGroup>
</Project>